
Microsoft Visual Studio Solution File, Format Version 12.00
# Visual Studio Version 17
VisualStudioVersion = 17.8.34330.188
MinimumVisualStudioVersion = 10.0.40219.1
Project("{FAE04EC0-301F-11D3-BF4B-00C04F79EFBC}") = "CoffeeShop", "CoffeeShop\CoffeeShop.csproj", "{F086D9A9-AAE0-4C84-AFFA-F47A79F7B16B}"
EndProject
Global
	GlobalSection(SolutionConfigurationPlatforms) = preSolution
		Debug|Any CPU = Debug|Any CPU
		Release|Any CPU = Release|Any CPU
	EndGlobalSection
	GlobalSection(ProjectConfigurationPlatforms) = postSolution
		{F086D9A9-AAE0-4C84-AFFA-F47A79F7B16B}.Debug|Any CPU.ActiveCfg = Debug|Any CPU
		{F086D9A9-AAE0-4C84-AFFA-F47A79F7B16B}.Debug|Any CPU.Build.0 = Debug|Any CPU
		{F086D9A9-AAE0-4C84-AFFA-F47A79F7B16B}.Release|Any CPU.ActiveCfg = Release|Any CPU
		{F086D9A9-AAE0-4C84-AFFA-F47A79F7B16B}.Release|Any CPU.Build.0 = Release|Any CPU
	EndGlobalSection
	GlobalSection(SolutionProperties) = preSolution
		HideSolutionNode = FALSE
	EndGlobalSection
	GlobalSection(ExtensibilityGlobals) = postSolution
		SolutionGuid = {A8920AA0-3C7F-4095-83D0-B63B9679159A}
	EndGlobalSection
EndGlobal
